
Microsoft Visual Studio Solution File, Format Version 12.00
# Visual Studio Version 17
VisualStudioVersion = 17.8.34511.84
MinimumVisualStudioVersion = 10.0.40219.1
Project("{FAE04EC0-301F-11D3-BF4B-00C04F79EFBC}") = "Database First Approach CRUD 2nd", "Database First Approach CRUD 2nd.csproj", "{1CB8B1EC-EDC1-4B14-A7CF-E78A3C86D82E}"
EndProject
Global
	GlobalSection(SolutionConfigurationPlatforms) = preSolution
		Debug|Any CPU = Debug|Any CPU
		Release|Any CPU = Release|Any CPU
	EndGlobalSection
	GlobalSection(ProjectConfigurationPlatforms) = postSolution
		{1CB8B1EC-EDC1-4B14-A7CF-E78A3C86D82E}.Debug|Any CPU.ActiveCfg = Debug|Any CPU
		{1CB8B1EC-EDC1-4B14-A7CF-E78A3C86D82E}.Debug|Any CPU.Build.0 = Debug|Any CPU
		{1CB8B1EC-EDC1-4B14-A7CF-E78A3C86D82E}.Release|Any CPU.ActiveCfg = Release|Any CPU
		{1CB8B1EC-EDC1-4B14-A7CF-E78A3C86D82E}.Release|Any CPU.Build.0 = Release|Any CPU
	EndGlobalSection
	GlobalSection(SolutionProperties) = preSolution
		HideSolutionNode = FALSE
	EndGlobalSection
	GlobalSection(ExtensibilityGlobals) = postSolution
		SolutionGuid = {4E2F10D2-B107-4447-8847-16C390513BC4}
	EndGlobalSection
EndGlobal
